
Microsoft Visual Studio Solution File, Format Version 12.00
# Visual Studio Version 17
VisualStudioVersion = 17.13.35818.85 d17.13
MinimumVisualStudioVersion = 10.0.40219.1
Project("{FAE04EC0-301F-11D3-BF4B-00C04F79EFBC}") = "KargoSirketiUygulamasi", "KargoSirketiUygulamasi\KargoSirketiUygulamasi.csproj", "{DAF6EC97-1A44-4926-B8EF-8B258A7F8877}"
EndProject
Global
	GlobalSection(SolutionConfigurationPlatforms) = preSolution
		Debug|Any CPU = Debug|Any CPU
		Release|Any CPU = Release|Any CPU
	EndGlobalSection
	GlobalSection(ProjectConfigurationPlatforms) = postSolution
		{DAF6EC97-1A44-4926-B8EF-8B258A7F8877}.Debug|Any CPU.ActiveCfg = Debug|Any CPU
		{DAF6EC97-1A44-4926-B8EF-8B258A7F8877}.Debug|Any CPU.Build.0 = Debug|Any CPU
		{DAF6EC97-1A44-4926-B8EF-8B258A7F8877}.Release|Any CPU.ActiveCfg = Release|Any CPU
		{DAF6EC97-1A44-4926-B8EF-8B258A7F8877}.Release|Any CPU.Build.0 = Release|Any CPU
	EndGlobalSection
	GlobalSection(SolutionProperties) = preSolution
		HideSolutionNode = FALSE
	EndGlobalSection
	GlobalSection(ExtensibilityGlobals) = postSolution
		SolutionGuid = {D328FD99-7150-457C-8DD2-7A2FDD6B07D0}
	EndGlobalSection
EndGlobal
